
Microsoft Visual Studio Solution File, Format Version 12.00
# Visual Studio Version 17
VisualStudioVersion = 17.3.32825.248
MinimumVisualStudioVersion = 10.0.40219.1
Project("{FAE04EC0-301F-11D3-BF4B-00C04F79EFBC}") = "Test.API", "Test.API\Test.API.csproj", "{6B8A3D3F-F7B4-45E7-9098-617D9B5DF849}"
EndProject
Global
	GlobalSection(SolutionConfigurationPlatforms) = preSolution
		Debug|Any CPU = Debug|Any CPU
		Release|Any CPU = Release|Any CPU
	EndGlobalSection
	GlobalSection(ProjectConfigurationPlatforms) = postSolution
		{6B8A3D3F-F7B4-45E7-9098-617D9B5DF849}.Debug|Any CPU.ActiveCfg = Debug|Any CPU
		{6B8A3D3F-F7B4-45E7-9098-617D9B5DF849}.Debug|Any CPU.Build.0 = Debug|Any CPU
		{6B8A3D3F-F7B4-45E7-9098-617D9B5DF849}.Release|Any CPU.ActiveCfg = Release|Any CPU
		{6B8A3D3F-F7B4-45E7-9098-617D9B5DF849}.Release|Any CPU.Build.0 = Release|Any CPU
	EndGlobalSection
	GlobalSection(SolutionProperties) = preSolution
		HideSolutionNode = FALSE
	EndGlobalSection
	GlobalSection(ExtensibilityGlobals) = postSolution
		SolutionGuid = {2976D3E1-3DDA-4E55-BA39-EC3230CB3AD4}
	EndGlobalSection
EndGlobal
